
Microsoft Visual Studio Solution File, Format Version 12.00
# Visual Studio Version 16
VisualStudioVersion = 16.0.30428.66
MinimumVisualStudioVersion = 10.0.40219.1
Project("{9A19103F-16F7-4668-BE54-9A1E7A4F7556}") = "APIFinancas.Testes", "APIFinancas.Testes.csproj", "{26AE97EE-D4FD-48F9-877D-7C2805A5FF12}"
EndProject
Project("{9A19103F-16F7-4668-BE54-9A1E7A4F7556}") = "APIFinancas", "..\APIFinancas\APIFinancas.csproj", "{C002DA34-664E-4C73-9111-6CCDD7F0EED1}"
EndProject
Global
	GlobalSection(SolutionConfigurationPlatforms) = preSolution
		Debug|Any CPU = Debug|Any CPU
		Release|Any CPU = Release|Any CPU
	EndGlobalSection
	GlobalSection(ProjectConfigurationPlatforms) = postSolution
		{26AE97EE-D4FD-48F9-877D-7C2805A5FF12}.Debug|Any CPU.ActiveCfg = Debug|Any CPU
		{26AE97EE-D4FD-48F9-877D-7C2805A5FF12}.Debug|Any CPU.Build.0 = Debug|Any CPU
		{26AE97EE-D4FD-48F9-877D-7C2805A5FF12}.Release|Any CPU.ActiveCfg = Release|Any CPU
		{26AE97EE-D4FD-48F9-877D-7C2805A5FF12}.Release|Any CPU.Build.0 = Release|Any CPU
		{C002DA34-664E-4C73-9111-6CCDD7F0EED1}.Debug|Any CPU.ActiveCfg = Debug|Any CPU
		{C002DA34-664E-4C73-9111-6CCDD7F0EED1}.Debug|Any CPU.Build.0 = Debug|Any CPU
		{C002DA34-664E-4C73-9111-6CCDD7F0EED1}.Release|Any CPU.ActiveCfg = Release|Any CPU
		{C002DA34-664E-4C73-9111-6CCDD7F0EED1}.Release|Any CPU.Build.0 = Release|Any CPU
	EndGlobalSection
	GlobalSection(SolutionProperties) = preSolution
		HideSolutionNode = FALSE
	EndGlobalSection
	GlobalSection(ExtensibilityGlobals) = postSolution
		SolutionGuid = {900F7198-6837-4C26-98B8-35AAE256AC7D}
	EndGlobalSection
EndGlobal
